
Microsoft Visual Studio Solution File, Format Version 10.00
# Visual Studio 2008
Project("{8BC9CEB8-8B4A-11D0-8D11-00A0C91BC942}") = "Tree", "Tree\Tree.vcproj", "{871430E0-01A9-4BA4-A6A6-E4E250DE138C}"
EndProject
Global
	GlobalSection(SolutionConfigurationPlatforms) = preSolution
		Debug|Win32 = Debug|Win32
		Release|Win32 = Release|Win32
	EndGlobalSection
	GlobalSection(ProjectConfigurationPlatforms) = postSolution
		{871430E0-01A9-4BA4-A6A6-E4E250DE138C}.Debug|Win32.ActiveCfg = Debug|Win32
		{871430E0-01A9-4BA4-A6A6-E4E250DE138C}.Debug|Win32.Build.0 = Debug|Win32
		{871430E0-01A9-4BA4-A6A6-E4E250DE138C}.Release|Win32.ActiveCfg = Release|Win32
		{871430E0-01A9-4BA4-A6A6-E4E250DE138C}.Release|Win32.Build.0 = Release|Win32
	EndGlobalSection
	GlobalSection(SolutionProperties) = preSolution
		HideSolutionNode = FALSE
	EndGlobalSection
EndGlobal
